
Microsoft Visual Studio Solution File, Format Version 12.00
# Visual Studio 14
VisualStudioVersion = 14.0.22609.0
MinimumVisualStudioVersion = 10.0.40219.1
Project("{FAE04EC0-301F-11D3-BF4B-00C04F79EFBC}") = "TwitterSearchApp.Droid", "TwitterSearchApp\TwitterSearchApp.Droid.csproj", "{8A2960D5-E97E-4785-B8C2-C2318FCB94E9}"
EndProject
Project("{FAE04EC0-301F-11D3-BF4B-00C04F79EFBC}") = "TwitterSearch.Portable", "TwitterSearch.Portable\TwitterSearch.Portable.csproj", "{BCFA0802-2846-4FE8-83A9-7CBF179AE30A}"
EndProject
Project("{FAE04EC0-301F-11D3-BF4B-00C04F79EFBC}") = "TwitterSearchApp.iOS", "TwitterSearchApp.iOS\TwitterSearchApp.iOS.csproj", "{B6D42DF2-06E9-4FE1-985A-49D12A83A637}"
EndProject
Project("{FAE04EC0-301F-11D3-BF4B-00C04F79EFBC}") = "TwitterSearchApp.iOS.Forms", "TwitterSearchApp.iOS.Forms\TwitterSearchApp.iOS.Forms.csproj", "{9E8D4249-2467-4E92-AA10-C0CE38060D59}"
EndProject
Project("{FAE04EC0-301F-11D3-BF4B-00C04F79EFBC}") = "TwitterSearchApp.Droid.Forms", "TwitterSearchApp.Droid.Forms\TwitterSearchApp.Droid.Forms.csproj", "{DAF5BAC5-67B3-43A7-AA78-6D4C74A751BD}"
EndProject
Project("{FAE04EC0-301F-11D3-BF4B-00C04F79EFBC}") = "TwitterSearchApp.Windows", "TwitterSearchApp.Windows\TwitterSearchApp.Windows.csproj", "{F81C94D5-307A-43E3-8EF6-2F70EEF58403}"
EndProject
Project("{FAE04EC0-301F-11D3-BF4B-00C04F79EFBC}") = "TwitterSearchApp.WindowsPhone", "TwitterSearchApp.WindowsPhone\TwitterSearchApp.WindowsPhone.csproj", "{FB72977C-3587-465F-A2E8-4E4BD459C78E}"
EndProject
Global
	GlobalSection(SolutionConfigurationPlatforms) = preSolution
		Ad-Hoc|Any CPU = Ad-Hoc|Any CPU
		Ad-Hoc|ARM = Ad-Hoc|ARM
		Ad-Hoc|iPhone = Ad-Hoc|iPhone
		Ad-Hoc|iPhoneSimulator = Ad-Hoc|iPhoneSimulator
		Ad-Hoc|x64 = Ad-Hoc|x64
		Ad-Hoc|x86 = Ad-Hoc|x86
		AppStore|Any CPU = AppStore|Any CPU
		AppStore|ARM = AppStore|ARM
		AppStore|iPhone = AppStore|iPhone
		AppStore|iPhoneSimulator = AppStore|iPhoneSimulator
		AppStore|x64 = AppStore|x64
		AppStore|x86 = AppStore|x86
		Debug|Any CPU = Debug|Any CPU
		Debug|ARM = Debug|ARM
		Debug|iPhone = Debug|iPhone
		Debug|iPhoneSimulator = Debug|iPhoneSimulator
		Debug|x64 = Debug|x64
		Debug|x86 = Debug|x86
		Release|Any CPU = Release|Any CPU
		Release|ARM = Release|ARM
		Release|iPhone = Release|iPhone
		Release|iPhoneSimulator = Release|iPhoneSimulator
		Release|x64 = Release|x64
		Release|x86 = Release|x86
	EndGlobalSection
	GlobalSection(ProjectConfigurationPlatforms) = postSolution
		{8A2960D5-E97E-4785-B8C2-C2318FCB94E9}.Ad-Hoc|Any CPU.ActiveCfg = Release|Any CPU
		{8A2960D5-E97E-4785-B8C2-C2318FCB94E9}.Ad-Hoc|Any CPU.Build.0 = Release|Any CPU
		{8A2960D5-E97E-4785-B8C2-C2318FCB94E9}.Ad-Hoc|Any CPU.Deploy.0 = Release|Any CPU
		{8A2960D5-E97E-4785-B8C2-C2318FCB94E9}.Ad-Hoc|ARM.ActiveCfg = Debug|Any CPU
		{8A2960D5-E97E-4785-B8C2-C2318FCB94E9}.Ad-Hoc|iPhone.ActiveCfg = Release|Any CPU
		{8A2960D5-E97E-4785-B8C2-C2318FCB94E9}.Ad-Hoc|iPhone.Build.0 = Release|Any CPU
		{8A2960D5-E97E-4785-B8C2-C2318FCB94E9}.Ad-Hoc|iPhone.Deploy.0 = Release|Any CPU
		{8A2960D5-E97E-4785-B8C2-C2318FCB94E9}.Ad-Hoc|iPhoneSimulator.ActiveCfg = Release|Any CPU
		{8A2960D5-E97E-4785-B8C2-C2318FCB94E9}.Ad-Hoc|iPhoneSimulator.Build.0 = Release|Any CPU
		{8A2960D5-E97E-4785-B8C2-C2318FCB94E9}.Ad-Hoc|iPhoneSimulator.Deploy.0 = Release|Any CPU
		{8A2960D5-E97E-4785-B8C2-C2318FCB94E9}.Ad-Hoc|x64.ActiveCfg = Debug|Any CPU
		{8A2960D5-E97E-4785-B8C2-C2318FCB94E9}.Ad-Hoc|x86.ActiveCfg = Debug|Any CPU
		{8A2960D5-E97E-4785-B8C2-C2318FCB94E9}.AppStore|Any CPU.ActiveCfg = Release|Any CPU
		{8A2960D5-E97E-4785-B8C2-C2318FCB94E9}.AppStore|Any CPU.Build.0 = Release|Any CPU
		{8A2960D5-E97E-4785-B8C2-C2318FCB94E9}.AppStore|Any CPU.Deploy.0 = Release|Any CPU
		{8A2960D5-E97E-4785-B8C2-C2318FCB94E9}.AppStore|ARM.ActiveCfg = Debug|Any CPU
		{8A2960D5-E97E-4785-B8C2-C2318FCB94E9}.AppStore|iPhone.ActiveCfg = Release|Any CPU
		{8A2960D5-E97E-4785-B8C2-C2318FCB94E9}.AppStore|iPhone.Build.0 = Release|Any CPU
		{8A2960D5-E97E-4785-B8C2-C2318FCB94E9}.AppStore|iPhone.Deploy.0 = Release|Any CPU
		{8A2960D5-E97E-4785-B8C2-C2318FCB94E9}.AppStore|iPhoneSimulator.ActiveCfg = Release|Any CPU
		{8A2960D5-E97E-4785-B8C2-C2318FCB94E9}.AppStore|iPhoneSimulator.Build.0 = Release|Any CPU
		{8A2960D5-E97E-4785-B8C2-C2318FCB94E9}.AppStore|iPhoneSimulator.Deploy.0 = Release|Any CPU
		{8A2960D5-E97E-4785-B8C2-C2318FCB94E9}.AppStore|x64.ActiveCfg = Debug|Any CPU
		{8A2960D5-E97E-4785-B8C2-C2318FCB94E9}.AppStore|x86.ActiveCfg = Debug|Any CPU
		{8A2960D5-E97E-4785-B8C2-C2318FCB94E9}.Debug|Any CPU.ActiveCfg = Debug|Any CPU
		{8A2960D5-E97E-4785-B8C2-C2318FCB94E9}.Debug|Any CPU.Build.0 = Debug|Any CPU
		{8A2960D5-E97E-4785-B8C2-C2318FCB94E9}.Debug|Any CPU.Deploy.0 = Debug|Any CPU
		{8A2960D5-E97E-4785-B8C2-C2318FCB94E9}.Debug|ARM.ActiveCfg = Debug|Any CPU
		{8A2960D5-E97E-4785-B8C2-C2318FCB94E9}.Debug|iPhone.ActiveCfg = Debug|Any CPU
		{8A2960D5-E97E-4785-B8C2-C2318FCB94E9}.Debug|iPhone.Build.0 = Debug|Any CPU
		{8A2960D5-E97E-4785-B8C2-C2318FCB94E9}.Debug|iPhone.Deploy.0 = Debug|Any CPU
		{8A2960D5-E97E-4785-B8C2-C2318FCB94E9}.Debug|iPhoneSimulator.ActiveCfg = Debug|Any CPU
		{8A2960D5-E97E-4785-B8C2-C2318FCB94E9}.Debug|iPhoneSimulator.Build.0 = Debug|Any CPU
		{8A2960D5-E97E-4785-B8C2-C2318FCB94E9}.Debug|iPhoneSimulator.Deploy.0 = Debug|Any CPU
		{8A2960D5-E97E-4785-B8C2-C2318FCB94E9}.Debug|x64.ActiveCfg = Debug|Any CPU
		{8A2960D5-E97E-4785-B8C2-C2318FCB94E9}.Debug|x86.ActiveCfg = Debug|Any CPU
		{8A2960D5-E97E-4785-B8C2-C2318FCB94E9}.Release|Any CPU.ActiveCfg = Release|Any CPU
		{8A2960D5-E97E-4785-B8C2-C2318FCB94E9}.Release|Any CPU.Build.0 = Release|Any CPU
		{8A2960D5-E97E-4785-B8C2-C2318FCB94E9}.Release|Any CPU.Deploy.0 = Release|Any CPU
		{8A2960D5-E97E-4785-B8C2-C2318FCB94E9}.Release|ARM.ActiveCfg = Release|Any CPU
		{8A2960D5-E97E-4785-B8C2-C2318FCB94E9}.Release|iPhone.ActiveCfg = Release|Any CPU
		{8A2960D5-E97E-4785-B8C2-C2318FCB94E9}.Release|iPhone.Build.0 = Release|Any CPU
		{8A2960D5-E97E-4785-B8C2-C2318FCB94E9}.Release|iPhone.Deploy.0 = Release|Any CPU
		{8A2960D5-E97E-4785-B8C2-C2318FCB94E9}.Release|iPhoneSimulator.ActiveCfg = Release|Any CPU
		{8A2960D5-E97E-4785-B8C2-C2318FCB94E9}.Release|iPhoneSimulator.Build.0 = Release|Any CPU
		{8A2960D5-E97E-4785-B8C2-C2318FCB94E9}.Release|iPhoneSimulator.Deploy.0 = Release|Any CPU
		{8A2960D5-E97E-4785-B8C2-C2318FCB94E9}.Release|x64.ActiveCfg = Release|Any CPU
		{8A2960D5-E97E-4785-B8C2-C2318FCB94E9}.Release|x86.ActiveCfg = Release|Any CPU
		{BCFA0802-2846-4FE8-83A9-7CBF179AE30A}.Ad-Hoc|Any CPU.ActiveCfg = Release|Any CPU
		{BCFA0802-2846-4FE8-83A9-7CBF179AE30A}.Ad-Hoc|Any CPU.Build.0 = Release|Any CPU
		{BCFA0802-2846-4FE8-83A9-7CBF179AE30A}.Ad-Hoc|ARM.ActiveCfg = Debug|Any CPU
		{BCFA0802-2846-4FE8-83A9-7CBF179AE30A}.Ad-Hoc|ARM.Build.0 = Debug|Any CPU
		{BCFA0802-2846-4FE8-83A9-7CBF179AE30A}.Ad-Hoc|iPhone.ActiveCfg = Release|Any CPU
		{BCFA0802-2846-4FE8-83A9-7CBF179AE30A}.Ad-Hoc|iPhone.Build.0 = Release|Any CPU
		{BCFA0802-2846-4FE8-83A9-7CBF179AE30A}.Ad-Hoc|iPhoneSimulator.ActiveCfg = Release|Any CPU
		{BCFA0802-2846-4FE8-83A9-7CBF179AE30A}.Ad-Hoc|iPhoneSimulator.Build.0 = Release|Any CPU
		{BCFA0802-2846-4FE8-83A9-7CBF179AE30A}.Ad-Hoc|x64.ActiveCfg = Debug|Any CPU
		{BCFA0802-2846-4FE8-83A9-7CBF179AE30A}.Ad-Hoc|x64.Build.0 = Debug|Any CPU
		{BCFA0802-2846-4FE8-83A9-7CBF179AE30A}.Ad-Hoc|x86.ActiveCfg = Debug|Any CPU
		{BCFA0802-2846-4FE8-83A9-7CBF179AE30A}.Ad-Hoc|x86.Build.0 = Debug|Any CPU
		{BCFA0802-2846-4FE8-83A9-7CBF179AE30A}.AppStore|Any CPU.ActiveCfg = Release|Any CPU
		{BCFA0802-2846-4FE8-83A9-7CBF179AE30A}.AppStore|Any CPU.Build.0 = Release|Any CPU
		{BCFA0802-2846-4FE8-83A9-7CBF179AE30A}.AppStore|ARM.ActiveCfg = Debug|Any CPU
		{BCFA0802-2846-4FE8-83A9-7CBF179AE30A}.AppStore|ARM.Build.0 = Debug|Any CPU
		{BCFA0802-2846-4FE8-83A9-7CBF179AE30A}.AppStore|iPhone.ActiveCfg = Release|Any CPU
		{BCFA0802-2846-4FE8-83A9-7CBF179AE30A}.AppStore|iPhone.Build.0 = Release|Any CPU
		{BCFA0802-2846-4FE8-83A9-7CBF179AE30A}.AppStore|iPhoneSimulator.ActiveCfg = Release|Any CPU
		{BCFA0802-2846-4FE8-83A9-7CBF179AE30A}.AppStore|iPhoneSimulator.Build.0 = Release|Any CPU
		{BCFA0802-2846-4FE8-83A9-7CBF179AE30A}.AppStore|x64.ActiveCfg = Debug|Any CPU
		{BCFA0802-2846-4FE8-83A9-7CBF179AE30A}.AppStore|x64.Build.0 = Debug|Any CPU
		{BCFA0802-2846-4FE8-83A9-7CBF179AE30A}.AppStore|x86.ActiveCfg = Debug|Any CPU
		{BCFA0802-2846-4FE8-83A9-7CBF179AE30A}.AppStore|x86.Build.0 = Debug|Any CPU
		{BCFA0802-2846-4FE8-83A9-7CBF179AE30A}.Debug|Any CPU.ActiveCfg = Debug|Any CPU
		{BCFA0802-2846-4FE8-83A9-7CBF179AE30A}.Debug|Any CPU.Build.0 = Debug|Any CPU
		{BCFA0802-2846-4FE8-83A9-7CBF179AE30A}.Debug|ARM.ActiveCfg = Debug|Any CPU
		{BCFA0802-2846-4FE8-83A9-7CBF179AE30A}.Debug|ARM.Build.0 = Debug|Any CPU
		{BCFA0802-2846-4FE8-83A9-7CBF179AE30A}.Debug|iPhone.ActiveCfg = Debug|Any CPU
		{BCFA0802-2846-4FE8-83A9-7CBF179AE30A}.Debug|iPhone.Build.0 = Debug|Any CPU
		{BCFA0802-2846-4FE8-83A9-7CBF179AE30A}.Debug|iPhoneSimulator.ActiveCfg = Debug|Any CPU
		{BCFA0802-2846-4FE8-83A9-7CBF179AE30A}.Debug|iPhoneSimulator.Build.0 = Debug|Any CPU
		{BCFA0802-2846-4FE8-83A9-7CBF179AE30A}.Debug|x64.ActiveCfg = Debug|Any CPU
		{BCFA0802-2846-4FE8-83A9-7CBF179AE30A}.Debug|x64.Build.0 = Debug|Any CPU
		{BCFA0802-2846-4FE8-83A9-7CBF179AE30A}.Debug|x86.ActiveCfg = Debug|Any CPU
		{BCFA0802-2846-4FE8-83A9-7CBF179AE30A}.Debug|x86.Build.0 = Debug|Any CPU
		{BCFA0802-2846-4FE8-83A9-7CBF179AE30A}.Release|Any CPU.ActiveCfg = Release|Any CPU
		{BCFA0802-2846-4FE8-83A9-7CBF179AE30A}.Release|Any CPU.Build.0 = Release|Any CPU
		{BCFA0802-2846-4FE8-83A9-7CBF179AE30A}.Release|ARM.ActiveCfg = Release|Any CPU
		{BCFA0802-2846-4FE8-83A9-7CBF179AE30A}.Release|ARM.Build.0 = Release|Any CPU
		{BCFA0802-2846-4FE8-83A9-7CBF179AE30A}.Release|iPhone.ActiveCfg = Release|Any CPU
		{BCFA0802-2846-4FE8-83A9-7CBF179AE30A}.Release|iPhone.Build.0 = Release|Any CPU
		{BCFA0802-2846-4FE8-83A9-7CBF179AE30A}.Release|iPhoneSimulator.ActiveCfg = Release|Any CPU
		{BCFA0802-2846-4FE8-83A9-7CBF179AE30A}.Release|iPhoneSimulator.Build.0 = Release|Any CPU
		{BCFA0802-2846-4FE8-83A9-7CBF179AE30A}.Release|x64.ActiveCfg = Release|Any CPU
		{BCFA0802-2846-4FE8-83A9-7CBF179AE30A}.Release|x64.Build.0 = Release|Any CPU
		{BCFA0802-2846-4FE8-83A9-7CBF179AE30A}.Release|x86.ActiveCfg = Release|Any CPU
		{BCFA0802-2846-4FE8-83A9-7CBF179AE30A}.Release|x86.Build.0 = Release|Any CPU
		{B6D42DF2-06E9-4FE1-985A-49D12A83A637}.Ad-Hoc|Any CPU.ActiveCfg = Ad-Hoc|iPhone
		{B6D42DF2-06E9-4FE1-985A-49D12A83A637}.Ad-Hoc|ARM.ActiveCfg = Ad-Hoc|iPhoneSimulator
		{B6D42DF2-06E9-4FE1-985A-49D12A83A637}.Ad-Hoc|iPhone.ActiveCfg = Ad-Hoc|iPhone
		{B6D42DF2-06E9-4FE1-985A-49D12A83A637}.Ad-Hoc|iPhone.Build.0 = Ad-Hoc|iPhone
		{B6D42DF2-06E9-4FE1-985A-49D12A83A637}.Ad-Hoc|iPhoneSimulator.ActiveCfg = Ad-Hoc|iPhoneSimulator
		{B6D42DF2-06E9-4FE1-985A-49D12A83A637}.Ad-Hoc|iPhoneSimulator.Build.0 = Ad-Hoc|iPhoneSimulator
		{B6D42DF2-06E9-4FE1-985A-49D12A83A637}.Ad-Hoc|x64.ActiveCfg = Ad-Hoc|iPhoneSimulator
		{B6D42DF2-06E9-4FE1-985A-49D12A83A637}.Ad-Hoc|x86.ActiveCfg = Ad-Hoc|iPhoneSimulator
		{B6D42DF2-06E9-4FE1-985A-49D12A83A637}.AppStore|Any CPU.ActiveCfg = AppStore|iPhone
		{B6D42DF2-06E9-4FE1-985A-49D12A83A637}.AppStore|ARM.ActiveCfg = AppStore|iPhoneSimulator
		{B6D42DF2-06E9-4FE1-985A-49D12A83A637}.AppStore|iPhone.ActiveCfg = AppStore|iPhone
		{B6D42DF2-06E9-4FE1-985A-49D12A83A637}.AppStore|iPhone.Build.0 = AppStore|iPhone
		{B6D42DF2-06E9-4FE1-985A-49D12A83A637}.AppStore|iPhoneSimulator.ActiveCfg = AppStore|iPhoneSimulator
		{B6D42DF2-06E9-4FE1-985A-49D12A83A637}.AppStore|iPhoneSimulator.Build.0 = AppStore|iPhoneSimulator
		{B6D42DF2-06E9-4FE1-985A-49D12A83A637}.AppStore|x64.ActiveCfg = AppStore|iPhoneSimulator
		{B6D42DF2-06E9-4FE1-985A-49D12A83A637}.AppStore|x86.ActiveCfg = AppStore|iPhoneSimulator
		{B6D42DF2-06E9-4FE1-985A-49D12A83A637}.Debug|Any CPU.ActiveCfg = Debug|iPhone
		{B6D42DF2-06E9-4FE1-985A-49D12A83A637}.Debug|ARM.ActiveCfg = Debug|iPhoneSimulator
		{B6D42DF2-06E9-4FE1-985A-49D12A83A637}.Debug|iPhone.ActiveCfg = Debug|iPhone
		{B6D42DF2-06E9-4FE1-985A-49D12A83A637}.Debug|iPhone.Build.0 = Debug|iPhone
		{B6D42DF2-06E9-4FE1-985A-49D12A83A637}.Debug|iPhoneSimulator.ActiveCfg = Debug|iPhoneSimulator
		{B6D42DF2-06E9-4FE1-985A-49D12A83A637}.Debug|iPhoneSimulator.Build.0 = Debug|iPhoneSimulator
		{B6D42DF2-06E9-4FE1-985A-49D12A83A637}.Debug|x64.ActiveCfg = Debug|iPhoneSimulator
		{B6D42DF2-06E9-4FE1-985A-49D12A83A637}.Debug|x86.ActiveCfg = Debug|iPhoneSimulator
		{B6D42DF2-06E9-4FE1-985A-49D12A83A637}.Release|Any CPU.ActiveCfg = Release|iPhone
		{B6D42DF2-06E9-4FE1-985A-49D12A83A637}.Release|ARM.ActiveCfg = Release|iPhoneSimulator
		{B6D42DF2-06E9-4FE1-985A-49D12A83A637}.Release|iPhone.ActiveCfg = Release|iPhone
		{B6D42DF2-06E9-4FE1-985A-49D12A83A637}.Release|iPhone.Build.0 = Release|iPhone
		{B6D42DF2-06E9-4FE1-985A-49D12A83A637}.Release|iPhoneSimulator.ActiveCfg = Release|iPhoneSimulator
		{B6D42DF2-06E9-4FE1-985A-49D12A83A637}.Release|iPhoneSimulator.Build.0 = Release|iPhoneSimulator
		{B6D42DF2-06E9-4FE1-985A-49D12A83A637}.Release|x64.ActiveCfg = Release|iPhoneSimulator
		{B6D42DF2-06E9-4FE1-985A-49D12A83A637}.Release|x86.ActiveCfg = Release|iPhoneSimulator
		{9E8D4249-2467-4E92-AA10-C0CE38060D59}.Ad-Hoc|Any CPU.ActiveCfg = Ad-Hoc|iPhone
		{9E8D4249-2467-4E92-AA10-C0CE38060D59}.Ad-Hoc|ARM.ActiveCfg = Ad-Hoc|iPhoneSimulator
		{9E8D4249-2467-4E92-AA10-C0CE38060D59}.Ad-Hoc|iPhone.ActiveCfg = Ad-Hoc|iPhone
		{9E8D4249-2467-4E92-AA10-C0CE38060D59}.Ad-Hoc|iPhone.Build.0 = Ad-Hoc|iPhone
		{9E8D4249-2467-4E92-AA10-C0CE38060D59}.Ad-Hoc|iPhoneSimulator.ActiveCfg = Ad-Hoc|iPhoneSimulator
		{9E8D4249-2467-4E92-AA10-C0CE38060D59}.Ad-Hoc|iPhoneSimulator.Build.0 = Ad-Hoc|iPhoneSimulator
		{9E8D4249-2467-4E92-AA10-C0CE38060D59}.Ad-Hoc|x64.ActiveCfg = Ad-Hoc|iPhoneSimulator
		{9E8D4249-2467-4E92-AA10-C0CE38060D59}.Ad-Hoc|x86.ActiveCfg = Ad-Hoc|iPhoneSimulator
		{9E8D4249-2467-4E92-AA10-C0CE38060D59}.AppStore|Any CPU.ActiveCfg = AppStore|iPhone
		{9E8D4249-2467-4E92-AA10-C0CE38060D59}.AppStore|ARM.ActiveCfg = AppStore|iPhoneSimulator
		{9E8D4249-2467-4E92-AA10-C0CE38060D59}.AppStore|iPhone.ActiveCfg = AppStore|iPhone
		{9E8D4249-2467-4E92-AA10-C0CE38060D59}.AppStore|iPhone.Build.0 = AppStore|iPhone
		{9E8D4249-2467-4E92-AA10-C0CE38060D59}.AppStore|iPhoneSimulator.ActiveCfg = AppStore|iPhoneSimulator
		{9E8D4249-2467-4E92-AA10-C0CE38060D59}.AppStore|iPhoneSimulator.Build.0 = AppStore|iPhoneSimulator
		{9E8D4249-2467-4E92-AA10-C0CE38060D59}.AppStore|x64.ActiveCfg = AppStore|iPhoneSimulator
		{9E8D4249-2467-4E92-AA10-C0CE38060D59}.AppStore|x86.ActiveCfg = AppStore|iPhoneSimulator
		{9E8D4249-2467-4E92-AA10-C0CE38060D59}.Debug|Any CPU.ActiveCfg = Debug|iPhone
		{9E8D4249-2467-4E92-AA10-C0CE38060D59}.Debug|ARM.ActiveCfg = Debug|iPhoneSimulator
		{9E8D4249-2467-4E92-AA10-C0CE38060D59}.Debug|iPhone.ActiveCfg = Debug|iPhone
		{9E8D4249-2467-4E92-AA10-C0CE38060D59}.Debug|iPhone.Build.0 = Debug|iPhone
		{9E8D4249-2467-4E92-AA10-C0CE38060D59}.Debug|iPhoneSimulator.ActiveCfg = Debug|iPhoneSimulator
		{9E8D4249-2467-4E92-AA10-C0CE38060D59}.Debug|iPhoneSimulator.Build.0 = Debug|iPhoneSimulator
		{9E8D4249-2467-4E92-AA10-C0CE38060D59}.Debug|x64.ActiveCfg = Debug|iPhoneSimulator
		{9E8D4249-2467-4E92-AA10-C0CE38060D59}.Debug|x86.ActiveCfg = Debug|iPhoneSimulator
		{9E8D4249-2467-4E92-AA10-C0CE38060D59}.Release|Any CPU.ActiveCfg = Release|iPhone
		{9E8D4249-2467-4E92-AA10-C0CE38060D59}.Release|ARM.ActiveCfg = Release|iPhoneSimulator
		{9E8D4249-2467-4E92-AA10-C0CE38060D59}.Release|iPhone.ActiveCfg = Release|iPhone
		{9E8D4249-2467-4E92-AA10-C0CE38060D59}.Release|iPhone.Build.0 = Release|iPhone
		{9E8D4249-2467-4E92-AA10-C0CE38060D59}.Release|iPhoneSimulator.ActiveCfg = Release|iPhoneSimulator
		{9E8D4249-2467-4E92-AA10-C0CE38060D59}.Release|iPhoneSimulator.Build.0 = Release|iPhoneSimulator
		{9E8D4249-2467-4E92-AA10-C0CE38060D59}.Release|x64.ActiveCfg = Release|iPhoneSimulator
		{9E8D4249-2467-4E92-AA10-C0CE38060D59}.Release|x86.ActiveCfg = Release|iPhoneSimulator
		{DAF5BAC5-67B3-43A7-AA78-6D4C74A751BD}.Ad-Hoc|Any CPU.ActiveCfg = Release|Any CPU
		{DAF5BAC5-67B3-43A7-AA78-6D4C74A751BD}.Ad-Hoc|Any CPU.Build.0 = Release|Any CPU
		{DAF5BAC5-67B3-43A7-AA78-6D4C74A751BD}.Ad-Hoc|Any CPU.Deploy.0 = Release|Any CPU
		{DAF5BAC5-67B3-43A7-AA78-6D4C74A751BD}.Ad-Hoc|ARM.ActiveCfg = Debug|Any CPU
		{DAF5BAC5-67B3-43A7-AA78-6D4C74A751BD}.Ad-Hoc|iPhone.ActiveCfg = Release|Any CPU
		{DAF5BAC5-67B3-43A7-AA78-6D4C74A751BD}.Ad-Hoc|iPhone.Build.0 = Release|Any CPU
		{DAF5BAC5-67B3-43A7-AA78-6D4C74A751BD}.Ad-Hoc|iPhone.Deploy.0 = Release|Any CPU
		{DAF5BAC5-67B3-43A7-AA78-6D4C74A751BD}.Ad-Hoc|iPhoneSimulator.ActiveCfg = Release|Any CPU
		{DAF5BAC5-67B3-43A7-AA78-6D4C74A751BD}.Ad-Hoc|iPhoneSimulator.Build.0 = Release|Any CPU
		{DAF5BAC5-67B3-43A7-AA78-6D4C74A751BD}.Ad-Hoc|iPhoneSimulator.Deploy.0 = Release|Any CPU
		{DAF5BAC5-67B3-43A7-AA78-6D4C74A751BD}.Ad-Hoc|x64.ActiveCfg = Debug|Any CPU
		{DAF5BAC5-67B3-43A7-AA78-6D4C74A751BD}.Ad-Hoc|x86.ActiveCfg = Debug|Any CPU
		{DAF5BAC5-67B3-43A7-AA78-6D4C74A751BD}.AppStore|Any CPU.ActiveCfg = Release|Any CPU
		{DAF5BAC5-67B3-43A7-AA78-6D4C74A751BD}.AppStore|Any CPU.Build.0 = Release|Any CPU
		{DAF5BAC5-67B3-43A7-AA78-6D4C74A751BD}.AppStore|Any CPU.Deploy.0 = Release|Any CPU
		{DAF5BAC5-67B3-43A7-AA78-6D4C74A751BD}.AppStore|ARM.ActiveCfg = Debug|Any CPU
		{DAF5BAC5-67B3-43A7-AA78-6D4C74A751BD}.AppStore|iPhone.ActiveCfg = Release|Any CPU
		{DAF5BAC5-67B3-43A7-AA78-6D4C74A751BD}.AppStore|iPhone.Build.0 = Release|Any CPU
		{DAF5BAC5-67B3-43A7-AA78-6D4C74A751BD}.AppStore|iPhone.Deploy.0 = Release|Any CPU
		{DAF5BAC5-67B3-43A7-AA78-6D4C74A751BD}.AppStore|iPhoneSimulator.ActiveCfg = Release|Any CPU
		{DAF5BAC5-67B3-43A7-AA78-6D4C74A751BD}.AppStore|iPhoneSimulator.Build.0 = Release|Any CPU
		{DAF5BAC5-67B3-43A7-AA78-6D4C74A751BD}.AppStore|iPhoneSimulator.Deploy.0 = Release|Any CPU
		{DAF5BAC5-67B3-43A7-AA78-6D4C74A751BD}.AppStore|x64.ActiveCfg = Debug|Any CPU
		{DAF5BAC5-67B3-43A7-AA78-6D4C74A751BD}.AppStore|x86.ActiveCfg = Debug|Any CPU
		{DAF5BAC5-67B3-43A7-AA78-6D4C74A751BD}.Debug|Any CPU.ActiveCfg = Debug|Any CPU
		{DAF5BAC5-67B3-43A7-AA78-6D4C74A751BD}.Debug|Any CPU.Build.0 = Debug|Any CPU
		{DAF5BAC5-67B3-43A7-AA78-6D4C74A751BD}.Debug|Any CPU.Deploy.0 = Debug|Any CPU
		{DAF5BAC5-67B3-43A7-AA78-6D4C74A751BD}.Debug|ARM.ActiveCfg = Debug|Any CPU
		{DAF5BAC5-67B3-43A7-AA78-6D4C74A751BD}.Debug|iPhone.ActiveCfg = Debug|Any CPU
		{DAF5BAC5-67B3-43A7-AA78-6D4C74A751BD}.Debug|iPhone.Build.0 = Debug|Any CPU
		{DAF5BAC5-67B3-43A7-AA78-6D4C74A751BD}.Debug|iPhone.Deploy.0 = Debug|Any CPU
		{DAF5BAC5-67B3-43A7-AA78-6D4C74A751BD}.Debug|iPhoneSimulator.ActiveCfg = Debug|Any CPU
		{DAF5BAC5-67B3-43A7-AA78-6D4C74A751BD}.Debug|iPhoneSimulator.Build.0 = Debug|Any CPU
		{DAF5BAC5-67B3-43A7-AA78-6D4C74A751BD}.Debug|iPhoneSimulator.Deploy.0 = Debug|Any CPU
		{DAF5BAC5-67B3-43A7-AA78-6D4C74A751BD}.Debug|x64.ActiveCfg = Debug|Any CPU
		{DAF5BAC5-67B3-43A7-AA78-6D4C74A751BD}.Debug|x86.ActiveCfg = Debug|Any CPU
		{DAF5BAC5-67B3-43A7-AA78-6D4C74A751BD}.Release|Any CPU.ActiveCfg = Release|Any CPU
		{DAF5BAC5-67B3-43A7-AA78-6D4C74A751BD}.Release|Any CPU.Build.0 = Release|Any CPU
		{DAF5BAC5-67B3-43A7-AA78-6D4C74A751BD}.Release|Any CPU.Deploy.0 = Release|Any CPU
		{DAF5BAC5-67B3-43A7-AA78-6D4C74A751BD}.Release|ARM.ActiveCfg = Release|Any CPU
		{DAF5BAC5-67B3-43A7-AA78-6D4C74A751BD}.Release|iPhone.ActiveCfg = Release|Any CPU
		{DAF5BAC5-67B3-43A7-AA78-6D4C74A751BD}.Release|iPhone.Build.0 = Release|Any CPU
		{DAF5BAC5-67B3-43A7-AA78-6D4C74A751BD}.Release|iPhone.Deploy.0 = Release|Any CPU
		{DAF5BAC5-67B3-43A7-AA78-6D4C74A751BD}.Release|iPhoneSimulator.ActiveCfg = Release|Any CPU
		{DAF5BAC5-67B3-43A7-AA78-6D4C74A751BD}.Release|iPhoneSimulator.Build.0 = Release|Any CPU
		{DAF5BAC5-67B3-43A7-AA78-6D4C74A751BD}.Release|iPhoneSimulator.Deploy.0 = Release|Any CPU
		{DAF5BAC5-67B3-43A7-AA78-6D4C74A751BD}.Release|x64.ActiveCfg = Release|Any CPU
		{DAF5BAC5-67B3-43A7-AA78-6D4C74A751BD}.Release|x86.ActiveCfg = Release|Any CPU
		{F81C94D5-307A-43E3-8EF6-2F70EEF58403}.Ad-Hoc|Any CPU.ActiveCfg = Release|Any CPU
		{F81C94D5-307A-43E3-8EF6-2F70EEF58403}.Ad-Hoc|Any CPU.Build.0 = Release|Any CPU
		{F81C94D5-307A-43E3-8EF6-2F70EEF58403}.Ad-Hoc|Any CPU.Deploy.0 = Release|Any CPU
		{F81C94D5-307A-43E3-8EF6-2F70EEF58403}.Ad-Hoc|ARM.ActiveCfg = Release|ARM
		{F81C94D5-307A-43E3-8EF6-2F70EEF58403}.Ad-Hoc|ARM.Build.0 = Release|ARM
		{F81C94D5-307A-43E3-8EF6-2F70EEF58403}.Ad-Hoc|ARM.Deploy.0 = Release|ARM
		{F81C94D5-307A-43E3-8EF6-2F70EEF58403}.Ad-Hoc|iPhone.ActiveCfg = Release|Any CPU
		{F81C94D5-307A-43E3-8EF6-2F70EEF58403}.Ad-Hoc|iPhone.Build.0 = Release|Any CPU
		{F81C94D5-307A-43E3-8EF6-2F70EEF58403}.Ad-Hoc|iPhone.Deploy.0 = Release|Any CPU
		{F81C94D5-307A-43E3-8EF6-2F70EEF58403}.Ad-Hoc|iPhoneSimulator.ActiveCfg = Release|Any CPU
		{F81C94D5-307A-43E3-8EF6-2F70EEF58403}.Ad-Hoc|iPhoneSimulator.Build.0 = Release|Any CPU
		{F81C94D5-307A-43E3-8EF6-2F70EEF58403}.Ad-Hoc|iPhoneSimulator.Deploy.0 = Release|Any CPU
		{F81C94D5-307A-43E3-8EF6-2F70EEF58403}.Ad-Hoc|x64.ActiveCfg = Release|x64
		{F81C94D5-307A-43E3-8EF6-2F70EEF58403}.Ad-Hoc|x64.Build.0 = Release|x64
		{F81C94D5-307A-43E3-8EF6-2F70EEF58403}.Ad-Hoc|x64.Deploy.0 = Release|x64
		{F81C94D5-307A-43E3-8EF6-2F70EEF58403}.Ad-Hoc|x86.ActiveCfg = Release|x86
		{F81C94D5-307A-43E3-8EF6-2F70EEF58403}.Ad-Hoc|x86.Build.0 = Release|x86
		{F81C94D5-307A-43E3-8EF6-2F70EEF58403}.Ad-Hoc|x86.Deploy.0 = Release|x86
		{F81C94D5-307A-43E3-8EF6-2F70EEF58403}.AppStore|Any CPU.ActiveCfg = Release|Any CPU
		{F81C94D5-307A-43E3-8EF6-2F70EEF58403}.AppStore|Any CPU.Build.0 = Release|Any CPU
		{F81C94D5-307A-43E3-8EF6-2F70EEF58403}.AppStore|Any CPU.Deploy.0 = Release|Any CPU
		{F81C94D5-307A-43E3-8EF6-2F70EEF58403}.AppStore|ARM.ActiveCfg = Release|ARM
		{F81C94D5-307A-43E3-8EF6-2F70EEF58403}.AppStore|ARM.Build.0 = Release|ARM
		{F81C94D5-307A-43E3-8EF6-2F70EEF58403}.AppStore|ARM.Deploy.0 = Release|ARM
		{F81C94D5-307A-43E3-8EF6-2F70EEF58403}.AppStore|iPhone.ActiveCfg = Release|Any CPU
		{F81C94D5-307A-43E3-8EF6-2F70EEF58403}.AppStore|iPhone.Build.0 = Release|Any CPU
		{F81C94D5-307A-43E3-8EF6-2F70EEF58403}.AppStore|iPhone.Deploy.0 = Release|Any CPU
		{F81C94D5-307A-43E3-8EF6-2F70EEF58403}.AppStore|iPhoneSimulator.ActiveCfg = Release|Any CPU
		{F81C94D5-307A-43E3-8EF6-2F70EEF58403}.AppStore|iPhoneSimulator.Build.0 = Release|Any CPU
		{F81C94D5-307A-43E3-8EF6-2F70EEF58403}.AppStore|iPhoneSimulator.Deploy.0 = Release|Any CPU
		{F81C94D5-307A-43E3-8EF6-2F70EEF58403}.AppStore|x64.ActiveCfg = Release|x64
		{F81C94D5-307A-43E3-8EF6-2F70EEF58403}.AppStore|x64.Build.0 = Release|x64
		{F81C94D5-307A-43E3-8EF6-2F70EEF58403}.AppStore|x64.Deploy.0 = Release|x64
		{F81C94D5-307A-43E3-8EF6-2F70EEF58403}.AppStore|x86.ActiveCfg = Release|x86
		{F81C94D5-307A-43E3-8EF6-2F70EEF58403}.AppStore|x86.Build.0 = Release|x86
		{F81C94D5-307A-43E3-8EF6-2F70EEF58403}.AppStore|x86.Deploy.0 = Release|x86
		{F81C94D5-307A-43E3-8EF6-2F70EEF58403}.Debug|Any CPU.ActiveCfg = Debug|Any CPU
		{F81C94D5-307A-43E3-8EF6-2F70EEF58403}.Debug|Any CPU.Build.0 = Debug|Any CPU
		{F81C94D5-307A-43E3-8EF6-2F70EEF58403}.Debug|Any CPU.Deploy.0 = Debug|Any CPU
		{F81C94D5-307A-43E3-8EF6-2F70EEF58403}.Debug|ARM.ActiveCfg = Debug|ARM
		{F81C94D5-307A-43E3-8EF6-2F70EEF58403}.Debug|ARM.Build.0 = Debug|ARM
		{F81C94D5-307A-43E3-8EF6-2F70EEF58403}.Debug|ARM.Deploy.0 = Debug|ARM
		{F81C94D5-307A-43E3-8EF6-2F70EEF58403}.Debug|iPhone.ActiveCfg = Debug|Any CPU
		{F81C94D5-307A-43E3-8EF6-2F70EEF58403}.Debug|iPhone.Build.0 = Debug|Any CPU
		{F81C94D5-307A-43E3-8EF6-2F70EEF58403}.Debug|iPhone.Deploy.0 = Debug|Any CPU
		{F81C94D5-307A-43E3-8EF6-2F70EEF58403}.Debug|iPhoneSimulator.ActiveCfg = Debug|Any CPU
		{F81C94D5-307A-43E3-8EF6-2F70EEF58403}.Debug|iPhoneSimulator.Build.0 = Debug|Any CPU
		{F81C94D5-307A-43E3-8EF6-2F70EEF58403}.Debug|iPhoneSimulator.Deploy.0 = Debug|Any CPU
		{F81C94D5-307A-43E3-8EF6-2F70EEF58403}.Debug|x64.ActiveCfg = Debug|x64
		{F81C94D5-307A-43E3-8EF6-2F70EEF58403}.Debug|x64.Build.0 = Debug|x64
		{F81C94D5-307A-43E3-8EF6-2F70EEF58403}.Debug|x64.Deploy.0 = Debug|x64
		{F81C94D5-307A-43E3-8EF6-2F70EEF58403}.Debug|x86.ActiveCfg = Debug|x86
		{F81C94D5-307A-43E3-8EF6-2F70EEF58403}.Debug|x86.Build.0 = Debug|x86
		{F81C94D5-307A-43E3-8EF6-2F70EEF58403}.Debug|x86.Deploy.0 = Debug|x86
		{F81C94D5-307A-43E3-8EF6-2F70EEF58403}.Release|Any CPU.ActiveCfg = Release|Any CPU
		{F81C94D5-307A-43E3-8EF6-2F70EEF58403}.Release|Any CPU.Build.0 = Release|Any CPU
		{F81C94D5-307A-43E3-8EF6-2F70EEF58403}.Release|Any CPU.Deploy.0 = Release|Any CPU
		{F81C94D5-307A-43E3-8EF6-2F70EEF58403}.Release|ARM.ActiveCfg = Release|ARM
		{F81C94D5-307A-43E3-8EF6-2F70EEF58403}.Release|ARM.Build.0 = Release|ARM
		{F81C94D5-307A-43E3-8EF6-2F70EEF58403}.Release|ARM.Deploy.0 = Release|ARM
		{F81C94D5-307A-43E3-8EF6-2F70EEF58403}.Release|iPhone.ActiveCfg = Release|Any CPU
		{F81C94D5-307A-43E3-8EF6-2F70EEF58403}.Release|iPhone.Build.0 = Release|Any CPU
		{F81C94D5-307A-43E3-8EF6-2F70EEF58403}.Release|iPhone.Deploy.0 = Release|Any CPU
		{F81C94D5-307A-43E3-8EF6-2F70EEF58403}.Release|iPhoneSimulator.ActiveCfg = Release|Any CPU
		{F81C94D5-307A-43E3-8EF6-2F70EEF58403}.Release|iPhoneSimulator.Build.0 = Release|Any CPU
		{F81C94D5-307A-43E3-8EF6-2F70EEF58403}.Release|iPhoneSimulator.Deploy.0 = Release|Any CPU
		{F81C94D5-307A-43E3-8EF6-2F70EEF58403}.Release|x64.ActiveCfg = Release|x64
		{F81C94D5-307A-43E3-8EF6-2F70EEF58403}.Release|x64.Build.0 = Release|x64
		{F81C94D5-307A-43E3-8EF6-2F70EEF58403}.Release|x64.Deploy.0 = Release|x64
		{F81C94D5-307A-43E3-8EF6-2F70EEF58403}.Release|x86.ActiveCfg = Release|x86
		{F81C94D5-307A-43E3-8EF6-2F70EEF58403}.Release|x86.Build.0 = Release|x86
		{F81C94D5-307A-43E3-8EF6-2F70EEF58403}.Release|x86.Deploy.0 = Release|x86
		{FB72977C-3587-465F-A2E8-4E4BD459C78E}.Ad-Hoc|Any CPU.ActiveCfg = Release|Any CPU
		{FB72977C-3587-465F-A2E8-4E4BD459C78E}.Ad-Hoc|Any CPU.Build.0 = Release|Any CPU
		{FB72977C-3587-465F-A2E8-4E4BD459C78E}.Ad-Hoc|Any CPU.Deploy.0 = Release|Any CPU
		{FB72977C-3587-465F-A2E8-4E4BD459C78E}.Ad-Hoc|ARM.ActiveCfg = Release|ARM
		{FB72977C-3587-465F-A2E8-4E4BD459C78E}.Ad-Hoc|ARM.Build.0 = Release|ARM
		{FB72977C-3587-465F-A2E8-4E4BD459C78E}.Ad-Hoc|ARM.Deploy.0 = Release|ARM
		{FB72977C-3587-465F-A2E8-4E4BD459C78E}.Ad-Hoc|iPhone.ActiveCfg = Release|Any CPU
		{FB72977C-3587-465F-A2E8-4E4BD459C78E}.Ad-Hoc|iPhone.Build.0 = Release|Any CPU
		{FB72977C-3587-465F-A2E8-4E4BD459C78E}.Ad-Hoc|iPhone.Deploy.0 = Release|Any CPU
		{FB72977C-3587-465F-A2E8-4E4BD459C78E}.Ad-Hoc|iPhoneSimulator.ActiveCfg = Release|Any CPU
		{FB72977C-3587-465F-A2E8-4E4BD459C78E}.Ad-Hoc|iPhoneSimulator.Build.0 = Release|Any CPU
		{FB72977C-3587-465F-A2E8-4E4BD459C78E}.Ad-Hoc|iPhoneSimulator.Deploy.0 = Release|Any CPU
		{FB72977C-3587-465F-A2E8-4E4BD459C78E}.Ad-Hoc|x64.ActiveCfg = Release|Any CPU
		{FB72977C-3587-465F-A2E8-4E4BD459C78E}.Ad-Hoc|x64.Build.0 = Release|Any CPU
		{FB72977C-3587-465F-A2E8-4E4BD459C78E}.Ad-Hoc|x64.Deploy.0 = Release|Any CPU
		{FB72977C-3587-465F-A2E8-4E4BD459C78E}.Ad-Hoc|x86.ActiveCfg = Release|x86
		{FB72977C-3587-465F-A2E8-4E4BD459C78E}.Ad-Hoc|x86.Build.0 = Release|x86
		{FB72977C-3587-465F-A2E8-4E4BD459C78E}.Ad-Hoc|x86.Deploy.0 = Release|x86
		{FB72977C-3587-465F-A2E8-4E4BD459C78E}.AppStore|Any CPU.ActiveCfg = Release|Any CPU
		{FB72977C-3587-465F-A2E8-4E4BD459C78E}.AppStore|Any CPU.Build.0 = Release|Any CPU
		{FB72977C-3587-465F-A2E8-4E4BD459C78E}.AppStore|Any CPU.Deploy.0 = Release|Any CPU
		{FB72977C-3587-465F-A2E8-4E4BD459C78E}.AppStore|ARM.ActiveCfg = Release|ARM
		{FB72977C-3587-465F-A2E8-4E4BD459C78E}.AppStore|ARM.Build.0 = Release|ARM
		{FB72977C-3587-465F-A2E8-4E4BD459C78E}.AppStore|ARM.Deploy.0 = Release|ARM
		{FB72977C-3587-465F-A2E8-4E4BD459C78E}.AppStore|iPhone.ActiveCfg = Release|Any CPU
		{FB72977C-3587-465F-A2E8-4E4BD459C78E}.AppStore|iPhone.Build.0 = Release|Any CPU
		{FB72977C-3587-465F-A2E8-4E4BD459C78E}.AppStore|iPhone.Deploy.0 = Release|Any CPU
		{FB72977C-3587-465F-A2E8-4E4BD459C78E}.AppStore|iPhoneSimulator.ActiveCfg = Release|Any CPU
		{FB72977C-3587-465F-A2E8-4E4BD459C78E}.AppStore|iPhoneSimulator.Build.0 = Release|Any CPU
		{FB72977C-3587-465F-A2E8-4E4BD459C78E}.AppStore|iPhoneSimulator.Deploy.0 = Release|Any CPU
		{FB72977C-3587-465F-A2E8-4E4BD459C78E}.AppStore|x64.ActiveCfg = Release|Any CPU
		{FB72977C-3587-465F-A2E8-4E4BD459C78E}.AppStore|x64.Build.0 = Release|Any CPU
		{FB72977C-3587-465F-A2E8-4E4BD459C78E}.AppStore|x64.Deploy.0 = Release|Any CPU
		{FB72977C-3587-465F-A2E8-4E4BD459C78E}.AppStore|x86.ActiveCfg = Release|x86
		{FB72977C-3587-465F-A2E8-4E4BD459C78E}.AppStore|x86.Build.0 = Release|x86
		{FB72977C-3587-465F-A2E8-4E4BD459C78E}.AppStore|x86.Deploy.0 = Release|x86
		{FB72977C-3587-465F-A2E8-4E4BD459C78E}.Debug|Any CPU.ActiveCfg = Debug|Any CPU
		{FB72977C-3587-465F-A2E8-4E4BD459C78E}.Debug|Any CPU.Build.0 = Debug|Any CPU
		{FB72977C-3587-465F-A2E8-4E4BD459C78E}.Debug|Any CPU.Deploy.0 = Debug|Any CPU
		{FB72977C-3587-465F-A2E8-4E4BD459C78E}.Debug|ARM.ActiveCfg = Debug|ARM
		{FB72977C-3587-465F-A2E8-4E4BD459C78E}.Debug|ARM.Build.0 = Debug|ARM
		{FB72977C-3587-465F-A2E8-4E4BD459C78E}.Debug|ARM.Deploy.0 = Debug|ARM
		{FB72977C-3587-465F-A2E8-4E4BD459C78E}.Debug|iPhone.ActiveCfg = Debug|Any CPU
		{FB72977C-3587-465F-A2E8-4E4BD459C78E}.Debug|iPhone.Build.0 = Debug|Any CPU
		{FB72977C-3587-465F-A2E8-4E4BD459C78E}.Debug|iPhone.Deploy.0 = Debug|Any CPU
		{FB72977C-3587-465F-A2E8-4E4BD459C78E}.Debug|iPhoneSimulator.ActiveCfg = Debug|Any CPU
		{FB72977C-3587-465F-A2E8-4E4BD459C78E}.Debug|iPhoneSimulator.Build.0 = Debug|Any CPU
		{FB72977C-3587-465F-A2E8-4E4BD459C78E}.Debug|iPhoneSimulator.Deploy.0 = Debug|Any CPU
		{FB72977C-3587-465F-A2E8-4E4BD459C78E}.Debug|x64.ActiveCfg = Debug|Any CPU
		{FB72977C-3587-465F-A2E8-4E4BD459C78E}.Debug|x64.Build.0 = Debug|Any CPU
		{FB72977C-3587-465F-A2E8-4E4BD459C78E}.Debug|x64.Deploy.0 = Debug|Any CPU
		{FB72977C-3587-465F-A2E8-4E4BD459C78E}.Debug|x86.ActiveCfg = Debug|x86
		{FB72977C-3587-465F-A2E8-4E4BD459C78E}.Debug|x86.Build.0 = Debug|x86
		{FB72977C-3587-465F-A2E8-4E4BD459C78E}.Debug|x86.Deploy.0 = Debug|x86
		{FB72977C-3587-465F-A2E8-4E4BD459C78E}.Release|Any CPU.ActiveCfg = Release|Any CPU
		{FB72977C-3587-465F-A2E8-4E4BD459C78E}.Release|Any CPU.Build.0 = Release|Any CPU
		{FB72977C-3587-465F-A2E8-4E4BD459C78E}.Release|Any CPU.Deploy.0 = Release|Any CPU
		{FB72977C-3587-465F-A2E8-4E4BD459C78E}.Release|ARM.ActiveCfg = Release|ARM
		{FB72977C-3587-465F-A2E8-4E4BD459C78E}.Release|ARM.Build.0 = Release|ARM
		{FB72977C-3587-465F-A2E8-4E4BD459C78E}.Release|ARM.Deploy.0 = Release|ARM
		{FB72977C-3587-465F-A2E8-4E4BD459C78E}.Release|iPhone.ActiveCfg = Release|Any CPU
		{FB72977C-3587-465F-A2E8-4E4BD459C78E}.Release|iPhone.Build.0 = Release|Any CPU
		{FB72977C-3587-465F-A2E8-4E4BD459C78E}.Release|iPhone.Deploy.0 = Release|Any CPU
		{FB72977C-3587-465F-A2E8-4E4BD459C78E}.Release|iPhoneSimulator.ActiveCfg = Release|Any CPU
		{FB72977C-3587-465F-A2E8-4E4BD459C78E}.Release|iPhoneSimulator.Build.0 = Release|Any CPU
		{FB72977C-3587-465F-A2E8-4E4BD459C78E}.Release|iPhoneSimulator.Deploy.0 = Release|Any CPU
		{FB72977C-3587-465F-A2E8-4E4BD459C78E}.Release|x64.ActiveCfg = Release|Any CPU
		{FB72977C-3587-465F-A2E8-4E4BD459C78E}.Release|x64.Build.0 = Release|Any CPU
		{FB72977C-3587-465F-A2E8-4E4BD459C78E}.Release|x64.Deploy.0 = Release|Any CPU
		{FB72977C-3587-465F-A2E8-4E4BD459C78E}.Release|x86.ActiveCfg = Release|x86
		{FB72977C-3587-465F-A2E8-4E4BD459C78E}.Release|x86.Build.0 = Release|x86
		{FB72977C-3587-465F-A2E8-4E4BD459C78E}.Release|x86.Deploy.0 = Release|x86
	EndGlobalSection
	GlobalSection(SolutionProperties) = preSolution
		HideSolutionNode = FALSE
	EndGlobalSection
EndGlobal
